{
  "name": "polies",
  "version": "1.0.0",
  "lockfileVersion": 1,
  "requires": true,
  "dependencies": {
    "bsert": {
      "version": "0.0.4",
      "resolved": "https://registry.npmjs.org/bsert/-/bsert-0.0.4.tgz",
      "integrity": "sha512-VReLe1aTaHRmf80YLOHUk8ONQ48SjseZP76GlNIDheD5REYByn/Mm9yrtI0/ZCaFrcfxzgpiw1/hMMCUOSMa3w=="
    },
    "n64": {
      "version": "0.2.2",
      "resolved": "https://registry.npmjs.org/n64/-/n64-0.2.2.tgz",
      "integrity": "sha512-GZwT9n1Il1T4v+CKlefieFcaq7rubLTsqbGIBtXpt8rDMhw/ZmjJMdoj0hT/Qk86uSYnQ/RisRHp4ZmPS2Qfjw=="
    }
  }
}
