{
  "name": "bstring-errors",
  "version": "0.0.3",
  "lockfileVersion": 1,
  "requires": true,
  "dependencies": {
    "bcfg": {
      "version": "0.1.4",
      "resolved": "https://registry.npmjs.org/bcfg/-/bcfg-0.1.4.tgz",
      "integrity": "sha512-tgweKJnFlFqg/QA3l+9i4cSJTHPcABrBriRZkUd+MM9mUCv8tBqAZFoykR0Cn3Fi9ygJ/pyWfmjDkRVZQwvPkQ==",
      "requires": {
        "bsert": "~0.0.5"
      }
    },
    "bsert": {
      "version": "0.0.6",
      "resolved": "https://registry.npmjs.org/bsert/-/bsert-0.0.6.tgz",
      "integrity": "sha512-Rddj7b623cGW3K4Km8mFdVVhWDfDlm2MjYCwXm8lmhqRuPLVAKylcXNk5v2+QZJP5uW4BqkA8z1C69Fp2CCbRg=="
    },
    "n64": {
      "version": "0.2.5",
      "resolved": "https://registry.npmjs.org/n64/-/n64-0.2.5.tgz",
      "integrity": "sha512-wry9grq4tNsxvpW2hqXNJIxqv9pT3+NEs/nyg9z5nKQ4QCB6b9IF2DSpVBEC/9fxX6c6G5hJ+SzK/Iv2k+896w=="
    }
  }
}
